// !$*UTF8*$!
{
	archiveVersion = 1;
	classes = {
	};
	objectVersion = 46;
	objects = {

/* Begin PBXBuildFile section */
		C2807C8D1DDF25D800BA65A4 /* GYTabBarViewController.m in Sources */ = {isa = PBXBuildFile; fileRef = C2807C8C1DDF25D800BA65A4 /* GYTabBarViewController.m */; };
		C2807CA01DDF283700BA65A4 /* DirectViewController.m in Sources */ = {isa = PBXBuildFile; fileRef = C2807C9F1DDF283700BA65A4 /* DirectViewController.m */; };
		C2807CA31DDF284500BA65A4 /* NewsViewController.m in Sources */ = {isa = PBXBuildFile; fileRef = C2807CA21DDF284500BA65A4 /* NewsViewController.m */; };
		C2807CA61DDF285800BA65A4 /* TalksViewController.m in Sources */ = {isa = PBXBuildFile; fileRef = C2807CA51DDF285800BA65A4 /* TalksViewController.m */; };
		C2807CA91DDF287100BA65A4 /* UserViewController.m in Sources */ = {isa = PBXBuildFile; fileRef = C2807CA81DDF287100BA65A4 /* UserViewController.m */; };
		C2807CB81DDF2E9B00BA65A4 /* night_tabbar_icon_bar_highlight@2x.png in Resources */ = {isa = PBXBuildFile; fileRef = C2807CAC1DDF2E9B00BA65A4 /* night_tabbar_icon_bar_highlight@2x.png */; };
		C2807CB91DDF2E9B00BA65A4 /* night_tabbar_icon_bar_normal@2x.png in Resources */ = {isa = PBXBuildFile; fileRef = C2807CAD1DDF2E9B00BA65A4 /* night_tabbar_icon_bar_normal@2x.png */; };
		C2807CBA1DDF2E9B00BA65A4 /* night_tabbar_icon_me_highlight@2x.png in Resources */ = {isa = PBXBuildFile; fileRef = C2807CAE1DDF2E9B00BA65A4 /* night_tabbar_icon_me_highlight@2x.png */; };
		C2807CBB1DDF2E9B00BA65A4 /* night_tabbar_icon_me_normal@2x.png in Resources */ = {isa = PBXBuildFile; fileRef = C2807CAF1DDF2E9B00BA65A4 /* night_tabbar_icon_me_normal@2x.png */; };
		C2807CBC1DDF2E9B00BA65A4 /* night_tabbar_icon_media_highlight@2x.png in Resources */ = {isa = PBXBuildFile; fileRef = C2807CB01DDF2E9B00BA65A4 /* night_tabbar_icon_media_highlight@2x.png */; };
		C2807CBD1DDF2E9B00BA65A4 /* night_tabbar_icon_media_normal@2x.png in Resources */ = {isa = PBXBuildFile; fileRef = C2807CB11DDF2E9B00BA65A4 /* night_tabbar_icon_media_normal@2x.png */; };
		C2807CBE1DDF2E9B00BA65A4 /* night_tabbar_icon_news_highlight@2x.png in Resources */ = {isa = PBXBuildFile; fileRef = C2807CB21DDF2E9B00BA65A4 /* night_tabbar_icon_news_highlight@2x.png */; };
		C2807CBF1DDF2E9B00BA65A4 /* night_tabbar_icon_news_normal_badge@2x.png in Resources */ = {isa = PBXBuildFile; fileRef = C2807CB31DDF2E9B00BA65A4 /* night_tabbar_icon_news_normal_badge@2x.png */; };
		C2807CC01DDF2E9B00BA65A4 /* night_tabbar_icon_news_normal@2x.png in Resources */ = {isa = PBXBuildFile; fileRef = C2807CB41DDF2E9B00BA65A4 /* night_tabbar_icon_news_normal@2x.png */; };
		C2807CC11DDF2E9B00BA65A4 /* night_tabbar_icon_refresh@2x.png in Resources */ = {isa = PBXBuildFile; fileRef = C2807CB51DDF2E9B00BA65A4 /* night_tabbar_icon_refresh@2x.png */; };
		C2807CC21DDF2E9B00BA65A4 /* night_tabbar_refreshtip@2x.png in Resources */ = {isa = PBXBuildFile; fileRef = C2807CB61DDF2E9B00BA65A4 /* night_tabbar_refreshtip@2x.png */; };
		C2807CC31DDF2E9B00BA65A4 /* night_tabbar_shadow@2x.png in Resources */ = {isa = PBXBuildFile; fileRef = C2807CB71DDF2E9B00BA65A4 /* night_tabbar_shadow@2x.png */; };
		C2E985C81DDEEDB800BE3DA5 /* main.m in Sources */ = {isa = PBXBuildFile; fileRef = C2E985C71DDEEDB800BE3DA5 /* main.m */; };
		C2E985CB1DDEEDB800BE3DA5 /* AppDelegate.m in Sources */ = {isa = PBXBuildFile; fileRef = C2E985CA1DDEEDB800BE3DA5 /* AppDelegate.m */; };
		C2E985CE1DDEEDB800BE3DA5 /* ViewController.m in Sources */ = {isa = PBXBuildFile; fileRef = C2E985CD1DDEEDB800BE3DA5 /* ViewController.m */; };
		C2E985D11DDEEDB800BE3DA5 /* Main.storyboard in Resources */ = {isa = PBXBuildFile; fileRef = C2E985CF1DDEEDB800BE3DA5 /* Main.storyboard */; };
		C2E985D31DDEEDB800BE3DA5 /* Assets.xcassets in Resources */ = {isa = PBXBuildFile; fileRef = C2E985D21DDEEDB800BE3DA5 /* Assets.xcassets */; };
		C2E985D61DDEEDB800BE3DA5 /* LaunchScreen.storyboard in Resources */ = {isa = PBXBuildFile; fileRef = C2E985D41DDEEDB800BE3DA5 /* LaunchScreen.storyboard */; };
		C2E985E11DDEEDB800BE3DA5 /* WangNewsTests.m in Sources */ = {isa = PBXBuildFile; fileRef = C2E985E01DDEEDB800BE3DA5 /* WangNewsTests.m */; };
		C2E985EC1DDEEDB800BE3DA5 /* WangNewsUITests.m in Sources */ = {isa = PBXBuildFile; fileRef = C2E985EB1DDEEDB800BE3DA5 /* WangNewsUITests.m */; };
/* End PBXBuildFile section */

/* Begin PBXContainerItemProxy section */
		C2E985DD1DDEEDB800BE3DA5 /* PBXContainerItemProxy */ = {
			isa = PBXContainerItemProxy;
			containerPortal = C2E985BB1DDEEDB700BE3DA5 /* Project object */;
			proxyType = 1;
			remoteGlobalIDString = C2E985C21DDEEDB700BE3DA5;
			remoteInfo = WangNews;
		};
		C2E985E81DDEEDB800BE3DA5 /* PBXContainerItemProxy */ = {
			isa = PBXContainerItemProxy;
			containerPortal = C2E985BB1DDEEDB700BE3DA5 /* Project object */;
			proxyType = 1;
			remoteGlobalIDString = C2E985C21DDEEDB700BE3DA5;
			remoteInfo = WangNews;
		};
/* End PBXContainerItemProxy section */

/* Begin PBXFileReference section */
		C2807C8B1DDF25D800BA65A4 /* GYTabBarViewController.h */ = {isa = PBXFileReference; fileEncoding = 4; lastKnownFileType = sourcecode.c.h; path = GYTabBarViewController.h; sourceTree = "<group>"; };
		C2807C8C1DDF25D800BA65A4 /* GYTabBarViewController.m */ = {isa = PBXFileReference; fileEncoding = 4; lastKnownFileType = sourcecode.c.objc; path = GYTabBarViewController.m; sourceTree = "<group>"; };
		C2807C9E1DDF283700BA65A4 /* DirectViewController.h */ = {isa = PBXFileReference; fileEncoding = 4; lastKnownFileType = sourcecode.c.h; path = DirectViewController.h; sourceTree = "<group>"; };
		C2807C9F1DDF283700BA65A4 /* DirectViewController.m */ = {isa = PBXFileReference; fileEncoding = 4; lastKnownFileType = sourcecode.c.objc; path = DirectViewController.m; sourceTree = "<group>"; };
		C2807CA11DDF284500BA65A4 /* NewsViewController.h */ = {isa = PBXFileReference; fileEncoding = 4; lastKnownFileType = sourcecode.c.h; path = NewsViewController.h; sourceTree = "<group>"; };
		C2807CA21DDF284500BA65A4 /* NewsViewController.m */ = {isa = PBXFileReference; fileEncoding = 4; lastKnownFileType = sourcecode.c.objc; path = NewsViewController.m; sourceTree = "<group>"; };
		C2807CA41DDF285800BA65A4 /* TalksViewController.h */ = {isa = PBXFileReference; fileEncoding = 4; lastKnownFileType = sourcecode.c.h; path = TalksViewController.h; sourceTree = "<group>"; };
		C2807CA51DDF285800BA65A4 /* TalksViewController.m */ = {isa = PBXFileReference; fileEncoding = 4; lastKnownFileType = sourcecode.c.objc; path = TalksViewController.m; sourceTree = "<group>"; };
		C2807CA71DDF287100BA65A4 /* UserViewController.h */ = {isa = PBXFileReference; fileEncoding = 4; lastKnownFileType = sourcecode.c.h; name = UserViewController.h; path = ../UserViewController.h; sourceTree = "<group>"; };
		C2807CA81DDF287100BA65A4 /* UserViewController.m */ = {isa = PBXFileReference; fileEncoding = 4; lastKnownFileType = sourcecode.c.objc; name = UserViewController.m; path = ../UserViewController.m; sourceTree = "<group>"; };
		C2807CAC1DDF2E9B00BA65A4 /* night_tabbar_icon_bar_highlight@2x.png */ = {isa = PBXFileReference; lastKnownFileType = image.png; path = "night_tabbar_icon_bar_highlight@2x.png"; sourceTree = "<group>"; };
		C2807CAD1DDF2E9B00BA65A4 /* night_tabbar_icon_bar_normal@2x.png */ = {isa = PBXFileReference; lastKnownFileType = image.png; path = "night_tabbar_icon_bar_normal@2x.png"; sourceTree = "<group>"; };
		C2807CAE1DDF2E9B00BA65A4 /* night_tabbar_icon_me_highlight@2x.png */ = {isa = PBXFileReference; lastKnownFileType = image.png; path = "night_tabbar_icon_me_highlight@2x.png"; sourceTree = "<group>"; };
		C2807CAF1DDF2E9B00BA65A4 /* night_tabbar_icon_me_normal@2x.png */ = {isa = PBXFileReference; lastKnownFileType = image.png; path = "night_tabbar_icon_me_normal@2x.png"; sourceTree = "<group>"; };
		C2807CB01DDF2E9B00BA65A4 /* night_tabbar_icon_media_highlight@2x.png */ = {isa = PBXFileReference; lastKnownFileType = image.png; path = "night_tabbar_icon_media_highlight@2x.png"; sourceTree = "<group>"; };
		C2807CB11DDF2E9B00BA65A4 /* night_tabbar_icon_media_normal@2x.png */ = {isa = PBXFileReference; lastKnownFileType = image.png; path = "night_tabbar_icon_media_normal@2x.png"; sourceTree = "<group>"; };
		C2807CB21DDF2E9B00BA65A4 /* night_tabbar_icon_news_highlight@2x.png */ = {isa = PBXFileReference; lastKnownFileType = image.png; path = "night_tabbar_icon_news_highlight@2x.png"; sourceTree = "<group>"; };
		C2807CB31DDF2E9B00BA65A4 /* night_tabbar_icon_news_normal_badge@2x.png */ = {isa = PBXFileReference; lastKnownFileType = image.png; path = "night_tabbar_icon_news_normal_badge@2x.png"; sourceTree = "<group>"; };
		C2807CB41DDF2E9B00BA65A4 /* night_tabbar_icon_news_normal@2x.png */ = {isa = PBXFileReference; lastKnownFileType = image.png; path = "night_tabbar_icon_news_normal@2x.png"; sourceTree = "<group>"; };
		C2807CB51DDF2E9B00BA65A4 /* night_tabbar_icon_refresh@2x.png */ = {isa = PBXFileReference; lastKnownFileType = image.png; path = "night_tabbar_icon_refresh@2x.png"; sourceTree = "<group>"; };
		C2807CB61DDF2E9B00BA65A4 /* night_tabbar_refreshtip@2x.png */ = {isa = PBXFileReference; lastKnownFileType = image.png; path = "night_tabbar_refreshtip@2x.png"; sourceTree = "<group>"; };
		C2807CB71DDF2E9B00BA65A4 /* night_tabbar_shadow@2x.png */ = {isa = PBXFileReference; lastKnownFileType = image.png; path = "night_tabbar_shadow@2x.png"; sourceTree = "<group>"; };
		C2E985C31DDEEDB700BE3DA5 /* WangNews.app */ = {isa = PBXFileReference; explicitFileType = wrapper.application; includeInIndex = 0; path = WangNews.app; sourceTree = BUILT_PRODUCTS_DIR; };
		C2E985C71DDEEDB800BE3DA5 /* main.m */ = {isa = PBXFileReference; lastKnownFileType = sourcecode.c.objc; path = main.m; sourceTree = "<group>"; };
		C2E985C91DDEEDB800BE3DA5 /* AppDelegate.h */ = {isa = PBXFileReference; lastKnownFileType = sourcecode.c.h; name = AppDelegate.h; path = ../../AppDelegate.h; sourceTree = "<group>"; };
		C2E985CA1DDEEDB800BE3DA5 /* AppDelegate.m */ = {isa = PBXFileReference; lastKnownFileType = sourcecode.c.objc; name = AppDelegate.m; path = ../../AppDelegate.m; sourceTree = "<group>"; };
		C2E985CC1DDEEDB800BE3DA5 /* ViewController.h */ = {isa = PBXFileReference; lastKnownFileType = sourcecode.c.h; name = ViewController.h; path = ../../ViewController.h; sourceTree = "<group>"; };
		C2E985CD1DDEEDB800BE3DA5 /* ViewController.m */ = {isa = PBXFileReference; lastKnownFileType = sourcecode.c.objc; name = ViewController.m; path = ../../ViewController.m; sourceTree = "<group>"; };
		C2E985D01DDEEDB800BE3DA5 /* Base */ = {isa = PBXFileReference; lastKnownFileType = file.storyboard; name = Base; path = Base.lproj/Main.storyboard; sourceTree = "<group>"; };
		C2E985D21DDEEDB800BE3DA5 /* Assets.xcassets */ = {isa = PBXFileReference; lastKnownFileType = folder.assetcatalog; path = Assets.xcassets; sourceTree = "<group>"; };
		C2E985D51DDEEDB800BE3DA5 /* Base */ = {isa = PBXFileReference; lastKnownFileType = file.storyboard; name = Base; path = Base.lproj/LaunchScreen.storyboard; sourceTree = "<group>"; };
		C2E985D71DDEEDB800BE3DA5 /* Info.plist */ = {isa = PBXFileReference; lastKnownFileType = text.plist.xml; path = Info.plist; sourceTree = "<group>"; };
		C2E985DC1DDEEDB800BE3DA5 /* WangNewsTests.xctest */ = {isa = PBXFileReference; explicitFileType = wrapper.cfbundle; includeInIndex = 0; path = WangNewsTests.xctest; sourceTree = BUILT_PRODUCTS_DIR; };
		C2E985E01DDEEDB800BE3DA5 /* WangNewsTests.m */ = {isa = PBXFileReference; lastKnownFileType = sourcecode.c.objc; path = WangNewsTests.m; sourceTree = "<group>"; };
		C2E985E21DDEEDB800BE3DA5 /* Info.plist */ = {isa = PBXFileReference; lastKnownFileType = text.plist.xml; path = Info.plist; sourceTree = "<group>"; };
		C2E985E71DDEEDB800BE3DA5 /* WangNewsUITests.xctest */ = {isa = PBXFileReference; explicitFileType = wrapper.cfbundle; includeInIndex = 0; path = WangNewsUITests.xctest; sourceTree = BUILT_PRODUCTS_DIR; };
		C2E985EB1DDEEDB800BE3DA5 /* WangNewsUITests.m */ = {isa = PBXFileReference; lastKnownFileType = sourcecode.c.objc; path = WangNewsUITests.m; sourceTree = "<group>"; };
		C2E985ED1DDEEDB800BE3DA5 /* Info.plist */ = {isa = PBXFileReference; lastKnownFileType = text.plist.xml; path = Info.plist; sourceTree = "<group>"; };
/* End PBXFileReference section */

/* Begin PBXFrameworksBuildPhase section */
		C2E985C01DDEEDB700BE3DA5 /* Frameworks */ = {
			isa = PBXFrameworksBuildPhase;
			buildActionMask = 2147483647;
			files = (
			);
			runOnlyForDeploymentPostprocessing = 0;
		};
		C2E985D91DDEEDB800BE3DA5 /* Frameworks */ = {
			isa = PBXFrameworksBuildPhase;
			buildActionMask = 2147483647;
			files = (
			);
			runOnlyForDeploymentPostprocessing = 0;
		};
		C2E985E41DDEEDB800BE3DA5 /* Frameworks */ = {
			isa = PBXFrameworksBuildPhase;
			buildActionMask = 2147483647;
			files = (
			);
			runOnlyForDeploymentPostprocessing = 0;
		};
/* End PBXFrameworksBuildPhase section */

/* Begin PBXGroup section */
		C2807C881DDF243200BA65A4 /* Classes */ = {
			isa = PBXGroup;
			children = (
				C2807C921DDF27CE00BA65A4 /* Direct */,
				C2807C8E1DDF278E00BA65A4 /* News */,
				C2807C961DDF27E200BA65A4 /* Talks */,
				C2807C9A1DDF27F700BA65A4 /* User */,
				C2807C8A1DDF24D700BA65A4 /* Main */,
				C2807C891DDF243200BA65A4 /* Other */,
			);
			path = Classes;
			sourceTree = "<group>";
		};
		C2807C891DDF243200BA65A4 /* Other */ = {
			isa = PBXGroup;
			children = (
				C2E985C91DDEEDB800BE3DA5 /* AppDelegate.h */,
				C2E985CA1DDEEDB800BE3DA5 /* AppDelegate.m */,
				C2E985CC1DDEEDB800BE3DA5 /* ViewController.h */,
				C2E985CD1DDEEDB800BE3DA5 /* ViewController.m */,
			);
			path = Other;
			sourceTree = "<group>";
		};
		C2807C8A1DDF24D700BA65A4 /* Main */ = {
			isa = PBXGroup;
			children = (
				C2807C8B1DDF25D800BA65A4 /* GYTabBarViewController.h */,
				C2807C8C1DDF25D800BA65A4 /* GYTabBarViewController.m */,
			);
			path = Main;
			sourceTree = "<group>";
		};
		C2807C8E1DDF278E00BA65A4 /* News */ = {
			isa = PBXGroup;
			children = (
				C2807C8F1DDF278E00BA65A4 /* Controller */,
				C2807C901DDF278E00BA65A4 /* Model */,
				C2807C911DDF278E00BA65A4 /* View */,
			);
			path = News;
			sourceTree = "<group>";
		};
		C2807C8F1DDF278E00BA65A4 /* Controller */ = {
			isa = PBXGroup;
			children = (
				C2807CA11DDF284500BA65A4 /* NewsViewController.h */,
				C2807CA21DDF284500BA65A4 /* NewsViewController.m */,
			);
			path = Controller;
			sourceTree = "<group>";
		};
		C2807C901DDF278E00BA65A4 /* Model */ = {
			isa = PBXGroup;
			children = (
			);
			path = Model;
			sourceTree = "<group>";
		};
		C2807C911DDF278E00BA65A4 /* View */ = {
			isa = PBXGroup;
			children = (
			);
			path = View;
			sourceTree = "<group>";
		};
		C2807C921DDF27CE00BA65A4 /* Direct */ = {
			isa = PBXGroup;
			children = (
				C2807C931DDF27CE00BA65A4 /* Controller */,
				C2807C941DDF27CE00BA65A4 /* Model */,
				C2807C951DDF27CE00BA65A4 /* View */,
			);
			path = Direct;
			sourceTree = "<group>";
		};
		C2807C931DDF27CE00BA65A4 /* Controller */ = {
			isa = PBXGroup;
			children = (
				C2807C9E1DDF283700BA65A4 /* DirectViewController.h */,
				C2807C9F1DDF283700BA65A4 /* DirectViewController.m */,
			);
			path = Controller;
			sourceTree = "<group>";
		};
		C2807C941DDF27CE00BA65A4 /* Model */ = {
			isa = PBXGroup;
			children = (
			);
			path = Model;
			sourceTree = "<group>";
		};
		C2807C951DDF27CE00BA65A4 /* View */ = {
			isa = PBXGroup;
			children = (
			);
			path = View;
			sourceTree = "<group>";
		};
		C2807C961DDF27E200BA65A4 /* Talks */ = {
			isa = PBXGroup;
			children = (
				C2807C971DDF27E200BA65A4 /* Controller */,
				C2807C981DDF27E200BA65A4 /* Model */,
				C2807C991DDF27E200BA65A4 /* View */,
			);
			name = Talks;
			path = News/Talks;
			sourceTree = "<group>";
		};
		C2807C971DDF27E200BA65A4 /* Controller */ = {
			isa = PBXGroup;
			children = (
				C2807CA41DDF285800BA65A4 /* TalksViewController.h */,
				C2807CA51DDF285800BA65A4 /* TalksViewController.m */,
			);
			path = Controller;
			sourceTree = "<group>";
		};
		C2807C981DDF27E200BA65A4 /* Model */ = {
			isa = PBXGroup;
			children = (
			);
			path = Model;
			sourceTree = "<group>";
		};
		C2807C991DDF27E200BA65A4 /* View */ = {
			isa = PBXGroup;
			children = (
			);
			path = View;
			sourceTree = "<group>";
		};
		C2807C9A1DDF27F700BA65A4 /* User */ = {
			isa = PBXGroup;
			children = (
				C2807C9B1DDF27F700BA65A4 /* Controller */,
				C2807C9C1DDF27F700BA65A4 /* Model */,
				C2807C9D1DDF27F700BA65A4 /* View */,
			);
			path = User;
			sourceTree = "<group>";
		};
		C2807C9B1DDF27F700BA65A4 /* Controller */ = {
			isa = PBXGroup;
			children = (
				C2807CA71DDF287100BA65A4 /* UserViewController.h */,
				C2807CA81DDF287100BA65A4 /* UserViewController.m */,
			);
			path = Controller;
			sourceTree = "<group>";
		};
		C2807C9C1DDF27F700BA65A4 /* Model */ = {
			isa = PBXGroup;
			children = (
			);
			path = Model;
			sourceTree = "<group>";
		};
		C2807C9D1DDF27F700BA65A4 /* View */ = {
			isa = PBXGroup;
			children = (
			);
			path = View;
			sourceTree = "<group>";
		};
		C2807CAA1DDF2E6F00BA65A4 /* Picture */ = {
			isa = PBXGroup;
			children = (
				C2807CAB1DDF2E8600BA65A4 /* Tabbar */,
			);
			path = Picture;
			sourceTree = "<group>";
		};
		C2807CAB1DDF2E8600BA65A4 /* Tabbar */ = {
			isa = PBXGroup;
			children = (
				C2807CAC1DDF2E9B00BA65A4 /* night_tabbar_icon_bar_highlight@2x.png */,
				C2807CAD1DDF2E9B00BA65A4 /* night_tabbar_icon_bar_normal@2x.png */,
				C2807CAE1DDF2E9B00BA65A4 /* night_tabbar_icon_me_highlight@2x.png */,
				C2807CAF1DDF2E9B00BA65A4 /* night_tabbar_icon_me_normal@2x.png */,
				C2807CB01DDF2E9B00BA65A4 /* night_tabbar_icon_media_highlight@2x.png */,
				C2807CB11DDF2E9B00BA65A4 /* night_tabbar_icon_media_normal@2x.png */,
				C2807CB21DDF2E9B00BA65A4 /* night_tabbar_icon_news_highlight@2x.png */,
				C2807CB31DDF2E9B00BA65A4 /* night_tabbar_icon_news_normal_badge@2x.png */,
				C2807CB41DDF2E9B00BA65A4 /* night_tabbar_icon_news_normal@2x.png */,
				C2807CB51DDF2E9B00BA65A4 /* night_tabbar_icon_refresh@2x.png */,
				C2807CB61DDF2E9B00BA65A4 /* night_tabbar_refreshtip@2x.png */,
				C2807CB71DDF2E9B00BA65A4 /* night_tabbar_shadow@2x.png */,
			);
			path = Tabbar;
			sourceTree = "<group>";
		};
		C2E985BA1DDEEDB700BE3DA5 = {
			isa = PBXGroup;
			children = (
				C2E985C51DDEEDB800BE3DA5 /* WangNews */,
				C2E985DF1DDEEDB800BE3DA5 /* WangNewsTests */,
				C2E985EA1DDEEDB800BE3DA5 /* WangNewsUITests */,
				C2E985C41DDEEDB700BE3DA5 /* Products */,
			);
			sourceTree = "<group>";
		};
		C2E985C41DDEEDB700BE3DA5 /* Products */ = {
			isa = PBXGroup;
			children = (
				C2E985C31DDEEDB700BE3DA5 /* WangNews.app */,
				C2E985DC1DDEEDB800BE3DA5 /* WangNewsTests.xctest */,
				C2E985E71DDEEDB800BE3DA5 /* WangNewsUITests.xctest */,
			);
			name = Products;
			sourceTree = "<group>";
		};
		C2E985C51DDEEDB800BE3DA5 /* WangNews */ = {
			isa = PBXGroup;
			children = (
				C2807C881DDF243200BA65A4 /* Classes */,
				C2E985CF1DDEEDB800BE3DA5 /* Main.storyboard */,
				C2E985D21DDEEDB800BE3DA5 /* Assets.xcassets */,
				C2E985D41DDEEDB800BE3DA5 /* LaunchScreen.storyboard */,
				C2E985D71DDEEDB800BE3DA5 /* Info.plist */,
				C2807CAA1DDF2E6F00BA65A4 /* Picture */,
				C2E985C61DDEEDB800BE3DA5 /* Supporting Files */,
			);
			path = WangNews;
			sourceTree = "<group>";
		};
		C2E985C61DDEEDB800BE3DA5 /* Supporting Files */ = {
			isa = PBXGroup;
			children = (
				C2E985C71DDEEDB800BE3DA5 /* main.m */,
			);
			name = "Supporting Files";
			sourceTree = "<group>";
		};
		C2E985DF1DDEEDB800BE3DA5 /* WangNewsTests */ = {
			isa = PBXGroup;
			children = (
				C2E985E01DDEEDB800BE3DA5 /* WangNewsTests.m */,
				C2E985E21DDEEDB800BE3DA5 /* Info.plist */,
			);
			path = WangNewsTests;
			sourceTree = "<group>";
		};
		C2E985EA1DDEEDB800BE3DA5 /* WangNewsUITests */ = {
			isa = PBXGroup;
			children = (
				C2E985EB1DDEEDB800BE3DA5 /* WangNewsUITests.m */,
				C2E985ED1DDEEDB800BE3DA5 /* Info.plist */,
			);
			path = WangNewsUITests;
			sourceTree = "<group>";
		};
/* End PBXGroup section */

/* Begin PBXNativeTarget section */
		C2E985C21DDEEDB700BE3DA5 /* WangNews */ = {
			isa = PBXNativeTarget;
			buildConfigurationList = C2E985F01DDEEDB800BE3DA5 /* Build configuration list for PBXNativeTarget "WangNews" */;
			buildPhases = (
				C2E985BF1DDEEDB700BE3DA5 /* Sources */,
				C2E985C01DDEEDB700BE3DA5 /* Frameworks */,
				C2E985C11DDEEDB700BE3DA5 /* Resources */,
			);
			buildRules = (
			);
			dependencies = (
			);
			name = WangNews;
			productName = WangNews;
			productReference = C2E985C31DDEEDB700BE3DA5 /* WangNews.app */;
			productType = "com.apple.product-type.application";
		};
		C2E985DB1DDEEDB800BE3DA5 /* WangNewsTests */ = {
			isa = PBXNativeTarget;
			buildConfigurationList = C2E985F31DDEEDB800BE3DA5 /* Build configuration list for PBXNativeTarget "WangNewsTests" */;
			buildPhases = (
				C2E985D81DDEEDB800BE3DA5 /* Sources */,
				C2E985D91DDEEDB800BE3DA5 /* Frameworks */,
				C2E985DA1DDEEDB800BE3DA5 /* Resources */,
			);
			buildRules = (
			);
			dependencies = (
				C2E985DE1DDEEDB800BE3DA5 /* PBXTargetDependency */,
			);
			name = WangNewsTests;
			productName = WangNewsTests;
			productReference = C2E985DC1DDEEDB800BE3DA5 /* WangNewsTests.xctest */;
			productType = "com.apple.product-type.bundle.unit-test";
		};
		C2E985E61DDEEDB800BE3DA5 /* WangNewsUITests */ = {
			isa = PBXNativeTarget;
			buildConfigurationList = C2E985F61DDEEDB800BE3DA5 /* Build configuration list for PBXNativeTarget "WangNewsUITests" */;
			buildPhases = (
				C2E985E31DDEEDB800BE3DA5 /* Sources */,
				C2E985E41DDEEDB800BE3DA5 /* Frameworks */,
				C2E985E51DDEEDB800BE3DA5 /* Resources */,
			);
			buildRules = (
			);
			dependencies = (
				C2E985E91DDEEDB800BE3DA5 /* PBXTargetDependency */,
			);
			name = WangNewsUITests;
			productName = WangNewsUITests;
			productReference = C2E985E71DDEEDB800BE3DA5 /* WangNewsUITests.xctest */;
			productType = "com.apple.product-type.bundle.ui-testing";
		};
/* End PBXNativeTarget section */

/* Begin PBXProject section */
		C2E985BB1DDEEDB700BE3DA5 /* Project object */ = {
			isa = PBXProject;
			attributes = {
				LastUpgradeCheck = 0730;
				ORGANIZATIONNAME = com.666it;
				TargetAttributes = {
					C2E985C21DDEEDB700BE3DA5 = {
						CreatedOnToolsVersion = 7.3;
					};
					C2E985DB1DDEEDB800BE3DA5 = {
						CreatedOnToolsVersion = 7.3;
						TestTargetID = C2E985C21DDEEDB700BE3DA5;
					};
					C2E985E61DDEEDB800BE3DA5 = {
						CreatedOnToolsVersion = 7.3;
						TestTargetID = C2E985C21DDEEDB700BE3DA5;
					};
				};
			};
			buildConfigurationList = C2E985BE1DDEEDB700BE3DA5 /* Build configuration list for PBXProject "WangNews" */;
			compatibilityVersion = "Xcode 3.2";
			developmentRegion = English;
			hasScannedForEncodings = 0;
			knownRegions = (
				en,
				Base,
			);
			mainGroup = C2E985BA1DDEEDB700BE3DA5;
			productRefGroup = C2E985C41DDEEDB700BE3DA5 /* Products */;
			projectDirPath = "";
			projectRoot = "";
			targets = (
				C2E985C21DDEEDB700BE3DA5 /* WangNews */,
				C2E985DB1DDEEDB800BE3DA5 /* WangNewsTests */,
				C2E985E61DDEEDB800BE3DA5 /* WangNewsUITests */,
			);
		};
/* End PBXProject section */

/* Begin PBXResourcesBuildPhase section */
		C2E985C11DDEEDB700BE3DA5 /* Resources */ = {
			isa = PBXResourcesBuildPhase;
			buildActionMask = 2147483647;
			files = (
				C2807CBC1DDF2E9B00BA65A4 /* night_tabbar_icon_media_highlight@2x.png in Resources */,
				C2E985D61DDEEDB800BE3DA5 /* LaunchScreen.storyboard in Resources */,
				C2807CC11DDF2E9B00BA65A4 /* night_tabbar_icon_refresh@2x.png in Resources */,
				C2807CBA1DDF2E9B00BA65A4 /* night_tabbar_icon_me_highlight@2x.png in Resources */,
				C2807CB91DDF2E9B00BA65A4 /* night_tabbar_icon_bar_normal@2x.png in Resources */,
				C2807CBE1DDF2E9B00BA65A4 /* night_tabbar_icon_news_highlight@2x.png in Resources */,
				C2E985D31DDEEDB800BE3DA5 /* Assets.xcassets in Resources */,
				C2807CC01DDF2E9B00BA65A4 /* night_tabbar_icon_news_normal@2x.png in Resources */,
				C2E985D11DDEEDB800BE3DA5 /* Main.storyboard in Resources */,
				C2807CC21DDF2E9B00BA65A4 /* night_tabbar_refreshtip@2x.png in Resources */,
				C2807CBD1DDF2E9B00BA65A4 /* night_tabbar_icon_media_normal@2x.png in Resources */,
				C2807CBB1DDF2E9B00BA65A4 /* night_tabbar_icon_me_normal@2x.png in Resources */,
				C2807CB81DDF2E9B00BA65A4 /* night_tabbar_icon_bar_highlight@2x.png in Resources */,
				C2807CC31DDF2E9B00BA65A4 /* night_tabbar_shadow@2x.png in Resources */,
				C2807CBF1DDF2E9B00BA65A4 /* night_tabbar_icon_news_normal_badge@2x.png in Resources */,
			);
			runOnlyForDeploymentPostprocessing = 0;
		};
		C2E985DA1DDEEDB800BE3DA5 /* Resources */ = {
			isa = PBXResourcesBuildPhase;
			buildActionMask = 2147483647;
			files = (
			);
			runOnlyForDeploymentPostprocessing = 0;
		};
		C2E985E51DDEEDB800BE3DA5 /* Resources */ = {
			isa = PBXResourcesBuildPhase;
			buildActionMask = 2147483647;
			files = (
			);
			runOnlyForDeploymentPostprocessing = 0;
		};
/* End PBXResourcesBuildPhase section */

/* Begin PBXSourcesBuildPhase section */
		C2E985BF1DDEEDB700BE3DA5 /* Sources */ = {
			isa = PBXSourcesBuildPhase;
			buildActionMask = 2147483647;
			files = (
				C2E985CE1DDEEDB800BE3DA5 /* ViewController.m in Sources */,
				C2E985CB1DDEEDB800BE3DA5 /* AppDelegate.m in Sources */,
				C2807CA61DDF285800BA65A4 /* TalksViewController.m in Sources */,
				C2807C8D1DDF25D800BA65A4 /* GYTabBarViewController.m in Sources */,
				C2807CA31DDF284500BA65A4 /* NewsViewController.m in Sources */,
				C2807CA91DDF287100BA65A4 /* UserViewController.m in Sources */,
				C2807CA01DDF283700BA65A4 /* DirectViewController.m in Sources */,
				C2E985C81DDEEDB800BE3DA5 /* main.m in Sources */,
			);
			runOnlyForDeploymentPostprocessing = 0;
		};
		C2E985D81DDEEDB800BE3DA5 /* Sources */ = {
			isa = PBXSourcesBuildPhase;
			buildActionMask = 2147483647;
			files = (
				C2E985E11DDEEDB800BE3DA5 /* WangNewsTests.m in Sources */,
			);
			runOnlyForDeploymentPostprocessing = 0;
		};
		C2E985E31DDEEDB800BE3DA5 /* Sources */ = {
			isa = PBXSourcesBuildPhase;
			buildActionMask = 2147483647;
			files = (
				C2E985EC1DDEEDB800BE3DA5 /* WangNewsUITests.m in Sources */,
			);
			runOnlyForDeploymentPostprocessing = 0;
		};
/* End PBXSourcesBuildPhase section */

/* Begin PBXTargetDependency section */
		C2E985DE1DDEEDB800BE3DA5 /* PBXTargetDependency */ = {
			isa = PBXTargetDependency;
			target = C2E985C21DDEEDB700BE3DA5 /* WangNews */;
			targetProxy = C2E985DD1DDEEDB800BE3DA5 /* PBXContainerItemProxy */;
		};
		C2E985E91DDEEDB800BE3DA5 /* PBXTargetDependency */ = {
			isa = PBXTargetDependency;
			target = C2E985C21DDEEDB700BE3DA5 /* WangNews */;
			targetProxy = C2E985E81DDEEDB800BE3DA5 /* PBXContainerItemProxy */;
		};
/* End PBXTargetDependency section */

/* Begin PBXVariantGroup section */
		C2E985CF1DDEEDB800BE3DA5 /* Main.storyboard */ = {
			isa = PBXVariantGroup;
			children = (
				C2E985D01DDEEDB800BE3DA5 /* Base */,
			);
			name = Main.storyboard;
			sourceTree = "<group>";
		};
		C2E985D41DDEEDB800BE3DA5 /* LaunchScreen.storyboard */ = {
			isa = PBXVariantGroup;
			children = (
				C2E985D51DDEEDB800BE3DA5 /* Base */,
			);
			name = LaunchScreen.storyboard;
			sourceTree = "<group>";
		};
/* End PBXVariantGroup section */

/* Begin XCBuildConfiguration section */
		C2E985EE1DDEEDB800BE3DA5 /* Debug */ = {
			isa = XCBuildConfiguration;
			buildSettings = {
				ALWAYS_SEARCH_USER_PATHS = NO;
				CLANG_ANALYZER_NONNULL = YES;
				CLANG_CXX_LANGUAGE_STANDARD = "gnu++0x";
				CLANG_CXX_LIBRARY = "libc++";
				CLANG_ENABLE_MODULES = YES;
				CLANG_ENABLE_OBJC_ARC = YES;
				CLANG_WARN_BOOL_CONVERSION = YES;
				CLANG_WARN_CONSTANT_CONVERSION = YES;
				CLANG_WARN_DIRECT_OBJC_ISA_USAGE = YES_ERROR;
				CLANG_WARN_EMPTY_BODY = YES;
				CLANG_WARN_ENUM_CONVERSION = YES;
				CLANG_WARN_INT_CONVERSION = YES;
				CLANG_WARN_OBJC_ROOT_CLASS = YES_ERROR;
				CLANG_WARN_UNREACHABLE_CODE = YES;
				CLANG_WARN__DUPLICATE_METHOD_MATCH = YES;
				"CODE_SIGN_IDENTITY[sdk=iphoneos*]" = "iPhone Developer";
				COPY_PHASE_STRIP = NO;
				DEBUG_INFORMATION_FORMAT = dwarf;
				ENABLE_STRICT_OBJC_MSGSEND = YES;
				ENABLE_TESTABILITY = YES;
				GCC_C_LANGUAGE_STANDARD = gnu99;
				GCC_DYNAMIC_NO_PIC = NO;
				GCC_NO_COMMON_BLOCKS = YES;
				GCC_OPTIMIZATION_LEVEL = 0;
				GCC_PREPROCESSOR_DEFINITIONS = (
					"DEBUG=1",
					"$(inherited)",
				);
				GCC_WARN_64_TO_32_BIT_CONVERSION = YES;
				GCC_WARN_ABOUT_RETURN_TYPE = YES_ERROR;
				GCC_WARN_UNDECLARED_SELECTOR = YES;
				GCC_WARN_UNINITIALIZED_AUTOS = YES_AGGRESSIVE;
				GCC_WARN_UNUSED_FUNCTION = YES;
				GCC_WARN_UNUSED_VARIABLE = YES;
				IPHONEOS_DEPLOYMENT_TARGET = 9.3;
				MTL_ENABLE_DEBUG_INFO = YES;
				ONLY_ACTIVE_ARCH = YES;
				SDKROOT = iphoneos;
				TARGETED_DEVICE_FAMILY = "1,2";
			};
			name = Debug;
		};
		C2E985EF1DDEEDB800BE3DA5 /* Release */ = {
			isa = XCBuildConfiguration;
			buildSettings = {
				ALWAYS_SEARCH_USER_PATHS = NO;
				CLANG_ANALYZER_NONNULL = YES;
				CLANG_CXX_LANGUAGE_STANDARD = "gnu++0x";
				CLANG_CXX_LIBRARY = "libc++";
				CLANG_ENABLE_MODULES = YES;
				CLANG_ENABLE_OBJC_ARC = YES;
				CLANG_WARN_BOOL_CONVERSION = YES;
				CLANG_WARN_CONSTANT_CONVERSION = YES;
				CLANG_WARN_DIRECT_OBJC_ISA_USAGE = YES_ERROR;
				CLANG_WARN_EMPTY_BODY = YES;
				CLANG_WARN_ENUM_CONVERSION = YES;
				CLANG_WARN_INT_CONVERSION = YES;
				CLANG_WARN_OBJC_ROOT_CLASS = YES_ERROR;
				CLANG_WARN_UNREACHABLE_CODE = YES;
				CLANG_WARN__DUPLICATE_METHOD_MATCH = YES;
				"CODE_SIGN_IDENTITY[sdk=iphoneos*]" = "iPhone Developer";
				COPY_PHASE_STRIP = NO;
				DEBUG_INFORMATION_FORMAT = "dwarf-with-dsym";
				ENABLE_NS_ASSERTIONS = NO;
				ENABLE_STRICT_OBJC_MSGSEND = YES;
				GCC_C_LANGUAGE_STANDARD = gnu99;
				GCC_NO_COMMON_BLOCKS = YES;
				GCC_WARN_64_TO_32_BIT_CONVERSION = YES;
				GCC_WARN_ABOUT_RETURN_TYPE = YES_ERROR;
				GCC_WARN_UNDECLARED_SELECTOR = YES;
				GCC_WARN_UNINITIALIZED_AUTOS = YES_AGGRESSIVE;
				GCC_WARN_UNUSED_FUNCTION = YES;
				GCC_WARN_UNUSED_VARIABLE = YES;
				IPHONEOS_DEPLOYMENT_TARGET = 9.3;
				MTL_ENABLE_DEBUG_INFO = NO;
				SDKROOT = iphoneos;
				TARGETED_DEVICE_FAMILY = "1,2";
				VALIDATE_PRODUCT = YES;
			};
			name = Release;
		};
		C2E985F11DDEEDB800BE3DA5 /* Debug */ = {
			isa = XCBuildConfiguration;
			buildSettings = {
				ASSETCATALOG_COMPILER_APPICON_NAME = AppIcon;
				INFOPLIST_FILE = WangNews/Info.plist;
				LD_RUNPATH_SEARCH_PATHS = "$(inherited) @executable_path/Frameworks";
				PRODUCT_BUNDLE_IDENTIFIER = com.666it.WangNews;
				PRODUCT_NAME = "$(TARGET_NAME)";
			};
			name = Debug;
		};
		C2E985F21DDEEDB800BE3DA5 /* Release */ = {
			isa = XCBuildConfiguration;
			buildSettings = {
				ASSETCATALOG_COMPILER_APPICON_NAME = AppIcon;
				INFOPLIST_FILE = WangNews/Info.plist;
				LD_RUNPATH_SEARCH_PATHS = "$(inherited) @executable_path/Frameworks";
				PRODUCT_BUNDLE_IDENTIFIER = com.666it.WangNews;
				PRODUCT_NAME = "$(TARGET_NAME)";
			};
			name = Release;
		};
		C2E985F41DDEEDB800BE3DA5 /* Debug */ = {
			isa = XCBuildConfiguration;
			buildSettings = {
				BUNDLE_LOADER = "$(TEST_HOST)";
				INFOPLIST_FILE = WangNewsTests/Info.plist;
				LD_RUNPATH_SEARCH_PATHS = "$(inherited) @executable_path/Frameworks @loader_path/Frameworks";
				PRODUCT_BUNDLE_IDENTIFIER = com.666it.WangNewsTests;
				PRODUCT_NAME = "$(TARGET_NAME)";
				TEST_HOST = "$(BUILT_PRODUCTS_DIR)/WangNews.app/WangNews";
			};
			name = Debug;
		};
		C2E985F51DDEEDB800BE3DA5 /* Release */ = {
			isa = XCBuildConfiguration;
			buildSettings = {
				BUNDLE_LOADER = "$(TEST_HOST)";
				INFOPLIST_FILE = WangNewsTests/Info.plist;
				LD_RUNPATH_SEARCH_PATHS = "$(inherited) @executable_path/Frameworks @loader_path/Frameworks";
				PRODUCT_BUNDLE_IDENTIFIER = com.666it.WangNewsTests;
				PRODUCT_NAME = "$(TARGET_NAME)";
				TEST_HOST = "$(BUILT_PRODUCTS_DIR)/WangNews.app/WangNews";
			};
			name = Release;
		};
		C2E985F71DDEEDB800BE3DA5 /* Debug */ = {
			isa = XCBuildConfiguration;
			buildSettings = {
				INFOPLIST_FILE = WangNewsUITests/Info.plist;
				LD_RUNPATH_SEARCH_PATHS = "$(inherited) @executable_path/Frameworks @loader_path/Frameworks";
				PRODUCT_BUNDLE_IDENTIFIER = com.666it.WangNewsUITests;
				PRODUCT_NAME = "$(TARGET_NAME)";
				TEST_TARGET_NAME = WangNews;
			};
			name = Debug;
		};
		C2E985F81DDEEDB800BE3DA5 /* Release */ = {
			isa = XCBuildConfiguration;
			buildSettings = {
				INFOPLIST_FILE = WangNewsUITests/Info.plist;
				LD_RUNPATH_SEARCH_PATHS = "$(inherited) @executable_path/Frameworks @loader_path/Frameworks";
				PRODUCT_BUNDLE_IDENTIFIER = com.666it.WangNewsUITests;
				PRODUCT_NAME = "$(TARGET_NAME)";
				TEST_TARGET_NAME = WangNews;
			};
			name = Release;
		};
/* End XCBuildConfiguration section */

/* Begin XCConfigurationList section */
		C2E985BE1DDEEDB700BE3DA5 /* Build configuration list for PBXProject "WangNews" */ = {
			isa = XCConfigurationList;
			buildConfigurations = (
				C2E985EE1DDEEDB800BE3DA5 /* Debug */,
				C2E985EF1DDEEDB800BE3DA5 /* Release */,
			);
			defaultConfigurationIsVisible = 0;
			defaultConfigurationName = Release;
		};
		C2E985F01DDEEDB800BE3DA5 /* Build configuration list for PBXNativeTarget "WangNews" */ = {
			isa = XCConfigurationList;
			buildConfigurations = (
				C2E985F11DDEEDB800BE3DA5 /* Debug */,
				C2E985F21DDEEDB800BE3DA5 /* Release */,
			);
			defaultConfigurationIsVisible = 0;
			defaultConfigurationName = Release;
		};
		C2E985F31DDEEDB800BE3DA5 /* Build configuration list for PBXNativeTarget "WangNewsTests" */ = {
			isa = XCConfigurationList;
			buildConfigurations = (
				C2E985F41DDEEDB800BE3DA5 /* Debug */,
				C2E985F51DDEEDB800BE3DA5 /* Release */,
			);
			defaultConfigurationIsVisible = 0;
			defaultConfigurationName = Release;
		};
		C2E985F61DDEEDB800BE3DA5 /* Build configuration list for PBXNativeTarget "WangNewsUITests" */ = {
			isa = XCConfigurationList;
			buildConfigurations = (
				C2E985F71DDEEDB800BE3DA5 /* Debug */,
				C2E985F81DDEEDB800BE3DA5 /* Release */,
			);
			defaultConfigurationIsVisible = 0;
			defaultConfigurationName = Release;
		};
/* End XCConfigurationList section */
	};
	rootObject = C2E985BB1DDEEDB700BE3DA5 /* Project object */;
}
